// !$*UTF8*$!
{
	archiveVersion = 1;
	classes = {
	};
	objectVersion = 46;
	objects = {

/* Begin PBXBuildFile section */
		330B4A7C1F1ED331008BC1B7 /* MTCollection.swift in Sources */ = {isa = PBXBuildFile; fileRef = 330B4A7B1F1ED331008BC1B7 /* MTCollection.swift */; };
		33BFDB241F1BEEDC0011F6CB /* AppDelegate.swift in Sources */ = {isa = PBXBuildFile; fileRef = 33BFDB231F1BEEDC0011F6CB /* AppDelegate.swift */; };
		33BFDB261F1BEEDC0011F6CB /* ViewController.swift in Sources */ = {isa = PBXBuildFile; fileRef = 33BFDB251F1BEEDC0011F6CB /* ViewController.swift */; };
		33BFDB291F1BEEDC0011F6CB /* Main.storyboard in Resources */ = {isa = PBXBuildFile; fileRef = 33BFDB271F1BEEDC0011F6CB /* Main.storyboard */; };
		33BFDB2B1F1BEEDC0011F6CB /* Assets.xcassets in Resources */ = {isa = PBXBuildFile; fileRef = 33BFDB2A1F1BEEDC0011F6CB /* Assets.xcassets */; };
		33BFDB2E1F1BEEDC0011F6CB /* LaunchScreen.storyboard in Resources */ = {isa = PBXBuildFile; fileRef = 33BFDB2C1F1BEEDC0011F6CB /* LaunchScreen.storyboard */; };
		33BFDB391F1BEEDD0011F6CB /* multilevelUITableViewTests.swift in Sources */ = {isa = PBXBuildFile; fileRef = 33BFDB381F1BEEDD0011F6CB /* multilevelUITableViewTests.swift */; };
		33BFDB461F1C09530011F6CB /* CustomCell.swift in Sources */ = {isa = PBXBuildFile; fileRef = 33BFDB451F1C09530011F6CB /* CustomCell.swift */; };
		33BFDB481F1C0E000011F6CB /* CustomCell.xib in Resources */ = {isa = PBXBuildFile; fileRef = 33BFDB471F1C0E000011F6CB /* CustomCell.xib */; };
		33BFDB4A1F1C14B10011F6CB /* MTItem.swift in Sources */ = {isa = PBXBuildFile; fileRef = 33BFDB491F1C14B10011F6CB /* MTItem.swift */; };
		33BFDB4C1F1D0B8A0011F6CB /* MTDictionary.swift in Sources */ = {isa = PBXBuildFile; fileRef = 33BFDB4B1F1D0B8A0011F6CB /* MTDictionary.swift */; };
/* End PBXBuildFile section */

/* Begin PBXContainerItemProxy section */
		33BFDB351F1BEEDD0011F6CB /* PBXContainerItemProxy */ = {
			isa = PBXContainerItemProxy;
			containerPortal = 33BFDB181F1BEEDC0011F6CB /* Project object */;
			proxyType = 1;
			remoteGlobalIDString = 33BFDB1F1F1BEEDC0011F6CB;
			remoteInfo = multilevelUITableView;
		};
/* End PBXContainerItemProxy section */

/* Begin PBXFileReference section */
		330B4A7B1F1ED331008BC1B7 /* MTCollection.swift */ = {isa = PBXFileReference; fileEncoding = 4; lastKnownFileType = sourcecode.swift; path = MTCollection.swift; sourceTree = "<group>"; };
		33BFDB201F1BEEDC0011F6CB /* multilevelUITableView.app */ = {isa = PBXFileReference; explicitFileType = wrapper.application; includeInIndex = 0; path = multilevelUITableView.app; sourceTree = BUILT_PRODUCTS_DIR; };
		33BFDB231F1BEEDC0011F6CB /* AppDelegate.swift */ = {isa = PBXFileReference; lastKnownFileType = sourcecode.swift; path = AppDelegate.swift; sourceTree = "<group>"; };
		33BFDB251F1BEEDC0011F6CB /* ViewController.swift */ = {isa = PBXFileReference; lastKnownFileType = sourcecode.swift; path = ViewController.swift; sourceTree = "<group>"; };
		33BFDB281F1BEEDC0011F6CB /* Base */ = {isa = PBXFileReference; lastKnownFileType = file.storyboard; name = Base; path = Base.lproj/Main.storyboard; sourceTree = "<group>"; };
		33BFDB2A1F1BEEDC0011F6CB /* Assets.xcassets */ = {isa = PBXFileReference; lastKnownFileType = folder.assetcatalog; path = Assets.xcassets; sourceTree = "<group>"; };
		33BFDB2D1F1BEEDC0011F6CB /* Base */ = {isa = PBXFileReference; lastKnownFileType = file.storyboard; name = Base; path = Base.lproj/LaunchScreen.storyboard; sourceTree = "<group>"; };
		33BFDB2F1F1BEEDC0011F6CB /* Info.plist */ = {isa = PBXFileReference; lastKnownFileType = text.plist.xml; path = Info.plist; sourceTree = "<group>"; };
		33BFDB341F1BEEDD0011F6CB /* multilevelUITableViewTests.xctest */ = {isa = PBXFileReference; explicitFileType = wrapper.cfbundle; includeInIndex = 0; path = multilevelUITableViewTests.xctest; sourceTree = BUILT_PRODUCTS_DIR; };
		33BFDB381F1BEEDD0011F6CB /* multilevelUITableViewTests.swift */ = {isa = PBXFileReference; lastKnownFileType = sourcecode.swift; path = multilevelUITableViewTests.swift; sourceTree = "<group>"; };
		33BFDB3A1F1BEEDD0011F6CB /* Info.plist */ = {isa = PBXFileReference; lastKnownFileType = text.plist.xml; path = Info.plist; sourceTree = "<group>"; };
		33BFDB451F1C09530011F6CB /* CustomCell.swift */ = {isa = PBXFileReference; fileEncoding = 4; lastKnownFileType = sourcecode.swift; path = CustomCell.swift; sourceTree = "<group>"; };
		33BFDB471F1C0E000011F6CB /* CustomCell.xib */ = {isa = PBXFileReference; fileEncoding = 4; lastKnownFileType = file.xib; path = CustomCell.xib; sourceTree = "<group>"; };
		33BFDB491F1C14B10011F6CB /* MTItem.swift */ = {isa = PBXFileReference; fileEncoding = 4; lastKnownFileType = sourcecode.swift; path = MTItem.swift; sourceTree = "<group>"; };
		33BFDB4B1F1D0B8A0011F6CB /* MTDictionary.swift */ = {isa = PBXFileReference; fileEncoding = 4; lastKnownFileType = sourcecode.swift; path = MTDictionary.swift; sourceTree = "<group>"; };
/* End PBXFileReference section */

/* Begin PBXFrameworksBuildPhase section */
		33BFDB1D1F1BEEDC0011F6CB /* Frameworks */ = {
			isa = PBXFrameworksBuildPhase;
			buildActionMask = 2147483647;
			files = (
			);
			runOnlyForDeploymentPostprocessing = 0;
		};
		33BFDB311F1BEEDD0011F6CB /* Frameworks */ = {
			isa = PBXFrameworksBuildPhase;
			buildActionMask = 2147483647;
			files = (
			);
			runOnlyForDeploymentPostprocessing = 0;
		};
/* End PBXFrameworksBuildPhase section */

/* Begin PBXGroup section */
		33BFDB171F1BEEDC0011F6CB = {
			isa = PBXGroup;
			children = (
				33BFDB221F1BEEDC0011F6CB /* multilevelUITableView */,
				33BFDB371F1BEEDD0011F6CB /* multilevelUITableViewTests */,
				33BFDB211F1BEEDC0011F6CB /* Products */,
			);
			sourceTree = "<group>";
		};
		33BFDB211F1BEEDC0011F6CB /* Products */ = {
			isa = PBXGroup;
			children = (
				33BFDB201F1BEEDC0011F6CB /* multilevelUITableView.app */,
				33BFDB341F1BEEDD0011F6CB /* multilevelUITableViewTests.xctest */,
			);
			name = Products;
			sourceTree = "<group>";
		};
		33BFDB221F1BEEDC0011F6CB /* multilevelUITableView */ = {
			isa = PBXGroup;
			children = (
				33BFDB231F1BEEDC0011F6CB /* AppDelegate.swift */,
				33BFDB251F1BEEDC0011F6CB /* ViewController.swift */,
				33BFDB271F1BEEDC0011F6CB /* Main.storyboard */,
				33BFDB2A1F1BEEDC0011F6CB /* Assets.xcassets */,
				33BFDB2C1F1BEEDC0011F6CB /* LaunchScreen.storyboard */,
				33BFDB2F1F1BEEDC0011F6CB /* Info.plist */,
				33BFDB451F1C09530011F6CB /* CustomCell.swift */,
				33BFDB471F1C0E000011F6CB /* CustomCell.xib */,
				33BFDB491F1C14B10011F6CB /* MTItem.swift */,
				33BFDB4B1F1D0B8A0011F6CB /* MTDictionary.swift */,
				330B4A7B1F1ED331008BC1B7 /* MTCollection.swift */,
			);
			path = multilevelUITableView;
			sourceTree = "<group>";
		};
		33BFDB371F1BEEDD0011F6CB /* multilevelUITableViewTests */ = {
			isa = PBXGroup;
			children = (
				33BFDB381F1BEEDD0011F6CB /* multilevelUITableViewTests.swift */,
				33BFDB3A1F1BEEDD0011F6CB /* Info.plist */,
			);
			path = multilevelUITableViewTests;
			sourceTree = "<group>";
		};
/* End PBXGroup section */

/* Begin PBXNativeTarget section */
		33BFDB1F1F1BEEDC0011F6CB /* multilevelUITableView */ = {
			isa = PBXNativeTarget;
			buildConfigurationList = 33BFDB3D1F1BEEDD0011F6CB /* Build configuration list for PBXNativeTarget "multilevelUITableView" */;
			buildPhases = (
				33BFDB1C1F1BEEDC0011F6CB /* Sources */,
				33BFDB1D1F1BEEDC0011F6CB /* Frameworks */,
				33BFDB1E1F1BEEDC0011F6CB /* Resources */,
			);
			buildRules = (
			);
			dependencies = (
			);
			name = multilevelUITableView;
			productName = multilevelUITableView;
			productReference = 33BFDB201F1BEEDC0011F6CB /* multilevelUITableView.app */;
			productType = "com.apple.product-type.application";
		};
		33BFDB331F1BEEDD0011F6CB /* multilevelUITableViewTests */ = {
			isa = PBXNativeTarget;
			buildConfigurationList = 33BFDB401F1BEEDD0011F6CB /* Build configuration list for PBXNativeTarget "multilevelUITableViewTests" */;
			buildPhases = (
				33BFDB301F1BEEDD0011F6CB /* Sources */,
				33BFDB311F1BEEDD0011F6CB /* Frameworks */,
				33BFDB321F1BEEDD0011F6CB /* Resources */,
			);
			buildRules = (
			);
			dependencies = (
				33BFDB361F1BEEDD0011F6CB /* PBXTargetDependency */,
			);
			name = multilevelUITableViewTests;
			productName = multilevelUITableViewTests;
			productReference = 33BFDB341F1BEEDD0011F6CB /* multilevelUITableViewTests.xctest */;
			productType = "com.apple.product-type.bundle.unit-test";
		};
/* End PBXNativeTarget section */

/* Begin PBXProject section */
		33BFDB181F1BEEDC0011F6CB /* Project object */ = {
			isa = PBXProject;
			attributes = {
				LastSwiftUpdateCheck = 0830;
				LastUpgradeCheck = 0830;
				ORGANIZATIONNAME = junyw;
				TargetAttributes = {
					33BFDB1F1F1BEEDC0011F6CB = {
						CreatedOnToolsVersion = 8.3.3;
						DevelopmentTeam = Z6WKEZZKBS;
						ProvisioningStyle = Automatic;
					};
					33BFDB331F1BEEDD0011F6CB = {
						CreatedOnToolsVersion = 8.3.3;
						DevelopmentTeam = Z6WKEZZKBS;
						ProvisioningStyle = Automatic;
						TestTargetID = 33BFDB1F1F1BEEDC0011F6CB;
					};
				};
			};
			buildConfigurationList = 33BFDB1B1F1BEEDC0011F6CB /* Build configuration list for PBXProject "MultiLevelUITableView" */;
			compatibilityVersion = "Xcode 3.2";
			developmentRegion = English;
			hasScannedForEncodings = 0;
			knownRegions = (
				en,
				Base,
			);
			mainGroup = 33BFDB171F1BEEDC0011F6CB;
			productRefGroup = 33BFDB211F1BEEDC0011F6CB /* Products */;
			projectDirPath = "";
			projectRoot = "";
			targets = (
				33BFDB1F1F1BEEDC0011F6CB /* multilevelUITableView */,
				33BFDB331F1BEEDD0011F6CB /* multilevelUITableViewTests */,
			);
		};
/* End PBXProject section */

/* Begin PBXResourcesBuildPhase section */
		33BFDB1E1F1BEEDC0011F6CB /* Resources */ = {
			isa = PBXResourcesBuildPhase;
			buildActionMask = 2147483647;
			files = (
				33BFDB2E1F1BEEDC0011F6CB /* LaunchScreen.storyboard in Resources */,
				33BFDB2B1F1BEEDC0011F6CB /* Assets.xcassets in Resources */,
				33BFDB481F1C0E000011F6CB /* CustomCell.xib in Resources */,
				33BFDB291F1BEEDC0011F6CB /* Main.storyboard in Resources */,
			);
			runOnlyForDeploymentPostprocessing = 0;
		};
		33BFDB321F1BEEDD0011F6CB /* Resources */ = {
			isa = PBXResourcesBuildPhase;
			buildActionMask = 2147483647;
			files = (
			);
			runOnlyForDeploymentPostprocessing = 0;
		};
/* End PBXResourcesBuildPhase section */

/* Begin PBXSourcesBuildPhase section */
		33BFDB1C1F1BEEDC0011F6CB /* Sources */ = {
			isa = PBXSourcesBuildPhase;
			buildActionMask = 2147483647;
			files = (
				33BFDB4A1F1C14B10011F6CB /* MTItem.swift in Sources */,
				33BFDB4C1F1D0B8A0011F6CB /* MTDictionary.swift in Sources */,
				33BFDB261F1BEEDC0011F6CB /* ViewController.swift in Sources */,
				330B4A7C1F1ED331008BC1B7 /* MTCollection.swift in Sources */,
				33BFDB461F1C09530011F6CB /* CustomCell.swift in Sources */,
				33BFDB241F1BEEDC0011F6CB /* AppDelegate.swift in Sources */,
			);
			runOnlyForDeploymentPostprocessing = 0;
		};
		33BFDB301F1BEEDD0011F6CB /* Sources */ = {
			isa = PBXSourcesBuildPhase;
			buildActionMask = 2147483647;
			files = (
				33BFDB391F1BEEDD0011F6CB /* multilevelUITableViewTests.swift in Sources */,
			);
			runOnlyForDeploymentPostprocessing = 0;
		};
/* End PBXSourcesBuildPhase section */

/* Begin PBXTargetDependency section */
		33BFDB361F1BEEDD0011F6CB /* PBXTargetDependency */ = {
			isa = PBXTargetDependency;
			target = 33BFDB1F1F1BEEDC0011F6CB /* multilevelUITableView */;
			targetProxy = 33BFDB351F1BEEDD0011F6CB /* PBXContainerItemProxy */;
		};
/* End PBXTargetDependency section */

/* Begin PBXVariantGroup section */
		33BFDB271F1BEEDC0011F6CB /* Main.storyboard */ = {
			isa = PBXVariantGroup;
			children = (
				33BFDB281F1BEEDC0011F6CB /* Base */,
			);
			name = Main.storyboard;
			sourceTree = "<group>";
		};
		33BFDB2C1F1BEEDC0011F6CB /* LaunchScreen.storyboard */ = {
			isa = PBXVariantGroup;
			children = (
				33BFDB2D1F1BEEDC0011F6CB /* Base */,
			);
			name = LaunchScreen.storyboard;
			sourceTree = "<group>";
		};
/* End PBXVariantGroup section */

/* Begin XCBuildConfiguration section */
		33BFDB3B1F1BEEDD0011F6CB /* Debug */ = {
			isa = XCBuildConfiguration;
			buildSettings = {
				ALWAYS_SEARCH_USER_PATHS = NO;
				CLANG_ANALYZER_NONNULL = YES;
				CLANG_ANALYZER_NUMBER_OBJECT_CONVERSION = YES_AGGRESSIVE;
				CLANG_CXX_LANGUAGE_STANDARD = "gnu++0x";
				CLANG_CXX_LIBRARY = "libc++";
				CLANG_ENABLE_MODULES = YES;
				CLANG_ENABLE_OBJC_ARC = YES;
				CLANG_WARN_BOOL_CONVERSION = YES;
				CLANG_WARN_CONSTANT_CONVERSION = YES;
				CLANG_WARN_DIRECT_OBJC_ISA_USAGE = YES_ERROR;
				CLANG_WARN_DOCUMENTATION_COMMENTS = YES;
				CLANG_WARN_EMPTY_BODY = YES;
				CLANG_WARN_ENUM_CONVERSION = YES;
				CLANG_WARN_INFINITE_RECURSION = YES;
				CLANG_WARN_INT_CONVERSION = YES;
				CLANG_WARN_OBJC_ROOT_CLASS = YES_ERROR;
				CLANG_WARN_SUSPICIOUS_MOVE = YES;
				CLANG_WARN_UNREACHABLE_CODE = YES;
				CLANG_WARN__DUPLICATE_METHOD_MATCH = YES;
				"CODE_SIGN_IDENTITY[sdk=iphoneos*]" = "iPhone Developer";
				COPY_PHASE_STRIP = NO;
				DEBUG_INFORMATION_FORMAT = dwarf;
				ENABLE_STRICT_OBJC_MSGSEND = YES;
				ENABLE_TESTABILITY = YES;
				GCC_C_LANGUAGE_STANDARD = gnu99;
				GCC_DYNAMIC_NO_PIC = NO;
				GCC_NO_COMMON_BLOCKS = YES;
				GCC_OPTIMIZATION_LEVEL = 0;
				GCC_PREPROCESSOR_DEFINITIONS = (
					"DEBUG=1",
					"$(inherited)",
				);
				GCC_WARN_64_TO_32_BIT_CONVERSION = YES;
				GCC_WARN_ABOUT_RETURN_TYPE = YES_ERROR;
				GCC_WARN_UNDECLARED_SELECTOR = YES;
				GCC_WARN_UNINITIALIZED_AUTOS = YES_AGGRESSIVE;
				GCC_WARN_UNUSED_FUNCTION = YES;
				GCC_WARN_UNUSED_VARIABLE = YES;
				IPHONEOS_DEPLOYMENT_TARGET = 10.3;
				MTL_ENABLE_DEBUG_INFO = YES;
				ONLY_ACTIVE_ARCH = YES;
				SDKROOT = iphoneos;
				SWIFT_ACTIVE_COMPILATION_CONDITIONS = DEBUG;
				SWIFT_OPTIMIZATION_LEVEL = "-Onone";
				TARGETED_DEVICE_FAMILY = "1,2";
			};
			name = Debug;
		};
		33BFDB3C1F1BEEDD0011F6CB /* Release */ = {
			isa = XCBuildConfiguration;
			buildSettings = {
				ALWAYS_SEARCH_USER_PATHS = NO;
				CLANG_ANALYZER_NONNULL = YES;
				CLANG_ANALYZER_NUMBER_OBJECT_CONVERSION = YES_AGGRESSIVE;
				CLANG_CXX_LANGUAGE_STANDARD = "gnu++0x";
				CLANG_CXX_LIBRARY = "libc++";
				CLANG_ENABLE_MODULES = YES;
				CLANG_ENABLE_OBJC_ARC = YES;
				CLANG_WARN_BOOL_CONVERSION = YES;
				CLANG_WARN_CONSTANT_CONVERSION = YES;
				CLANG_WARN_DIRECT_OBJC_ISA_USAGE = YES_ERROR;
				CLANG_WARN_DOCUMENTATION_COMMENTS = YES;
				CLANG_WARN_EMPTY_BODY = YES;
				CLANG_WARN_ENUM_CONVERSION = YES;
				CLANG_WARN_INFINITE_RECURSION = YES;
				CLANG_WARN_INT_CONVERSION = YES;
				CLANG_WARN_OBJC_ROOT_CLASS = YES_ERROR;
				CLANG_WARN_SUSPICIOUS_MOVE = YES;
				CLANG_WARN_UNREACHABLE_CODE = YES;
				CLANG_WARN__DUPLICATE_METHOD_MATCH = YES;
				"CODE_SIGN_IDENTITY[sdk=iphoneos*]" = "iPhone Developer";
				COPY_PHASE_STRIP = NO;
				DEBUG_INFORMATION_FORMAT = "dwarf-with-dsym";
				ENABLE_NS_ASSERTIONS = NO;
				ENABLE_STRICT_OBJC_MSGSEND = YES;
				GCC_C_LANGUAGE_STANDARD = gnu99;
				GCC_NO_COMMON_BLOCKS = YES;
				GCC_WARN_64_TO_32_BIT_CONVERSION = YES;
				GCC_WARN_ABOUT_RETURN_TYPE = YES_ERROR;
				GCC_WARN_UNDECLARED_SELECTOR = YES;
				GCC_WARN_UNINITIALIZED_AUTOS = YES_AGGRESSIVE;
				GCC_WARN_UNUSED_FUNCTION = YES;
				GCC_WARN_UNUSED_VARIABLE = YES;
				IPHONEOS_DEPLOYMENT_TARGET = 10.3;
				MTL_ENABLE_DEBUG_INFO = NO;
				SDKROOT = iphoneos;
				SWIFT_OPTIMIZATION_LEVEL = "-Owholemodule";
				TARGETED_DEVICE_FAMILY = "1,2";
				VALIDATE_PRODUCT = YES;
			};
			name = Release;
		};
		33BFDB3E1F1BEEDD0011F6CB /* Debug */ = {
			isa = XCBuildConfiguration;
			buildSettings = {
				ASSETCATALOG_COMPILER_APPICON_NAME = AppIcon;
				DEVELOPMENT_TEAM = Z6WKEZZKBS;
				INFOPLIST_FILE = multilevelUITableView/Info.plist;
				LD_RUNPATH_SEARCH_PATHS = "$(inherited) @executable_path/Frameworks";
				PRODUCT_BUNDLE_IDENTIFIER = devs.multilevelUITableView;
				PRODUCT_NAME = "$(TARGET_NAME)";
				SWIFT_VERSION = 3.0;
			};
			name = Debug;
		};
		33BFDB3F1F1BEEDD0011F6CB /* Release */ = {
			isa = XCBuildConfiguration;
			buildSettings = {
				ASSETCATALOG_COMPILER_APPICON_NAME = AppIcon;
				DEVELOPMENT_TEAM = Z6WKEZZKBS;
				INFOPLIST_FILE = multilevelUITableView/Info.plist;
				LD_RUNPATH_SEARCH_PATHS = "$(inherited) @executable_path/Frameworks";
				PRODUCT_BUNDLE_IDENTIFIER = devs.multilevelUITableView;
				PRODUCT_NAME = "$(TARGET_NAME)";
				SWIFT_VERSION = 3.0;
			};
			name = Release;
		};
		33BFDB411F1BEEDD0011F6CB /* Debug */ = {
			isa = XCBuildConfiguration;
			buildSettings = {
				ALWAYS_EMBED_SWIFT_STANDARD_LIBRARIES = YES;
				BUNDLE_LOADER = "$(TEST_HOST)";
				DEVELOPMENT_TEAM = Z6WKEZZKBS;
				INFOPLIST_FILE = multilevelUITableViewTests/Info.plist;
				LD_RUNPATH_SEARCH_PATHS = "$(inherited) @executable_path/Frameworks @loader_path/Frameworks";
				PRODUCT_BUNDLE_IDENTIFIER = devs.multilevelUITableViewTests;
				PRODUCT_NAME = "$(TARGET_NAME)";
				SWIFT_VERSION = 3.0;
				TEST_HOST = "$(BUILT_PRODUCTS_DIR)/multilevelUITableView.app/multilevelUITableView";
			};
			name = Debug;
		};
		33BFDB421F1BEEDD0011F6CB /* Release */ = {
			isa = XCBuildConfiguration;
			buildSettings = {
				ALWAYS_EMBED_SWIFT_STANDARD_LIBRARIES = YES;
				BUNDLE_LOADER = "$(TEST_HOST)";
				DEVELOPMENT_TEAM = Z6WKEZZKBS;
				INFOPLIST_FILE = multilevelUITableViewTests/Info.plist;
				LD_RUNPATH_SEARCH_PATHS = "$(inherited) @executable_path/Frameworks @loader_path/Frameworks";
				PRODUCT_BUNDLE_IDENTIFIER = devs.multilevelUITableViewTests;
				PRODUCT_NAME = "$(TARGET_NAME)";
				SWIFT_VERSION = 3.0;
				TEST_HOST = "$(BUILT_PRODUCTS_DIR)/multilevelUITableView.app/multilevelUITableView";
			};
			name = Release;
		};
/* End XCBuildConfiguration section */

/* Begin XCConfigurationList section */
		33BFDB1B1F1BEEDC0011F6CB /* Build configuration list for PBXProject "MultiLevelUITableView" */ = {
			isa = XCConfigurationList;
			buildConfigurations = (
				33BFDB3B1F1BEEDD0011F6CB /* Debug */,
				33BFDB3C1F1BEEDD0011F6CB /* Release */,
			);
			defaultConfigurationIsVisible = 0;
			defaultConfigurationName = Release;
		};
		33BFDB3D1F1BEEDD0011F6CB /* Build configuration list for PBXNativeTarget "multilevelUITableView" */ = {
			isa = XCConfigurationList;
			buildConfigurations = (
				33BFDB3E1F1BEEDD0011F6CB /* Debug */,
				33BFDB3F1F1BEEDD0011F6CB /* Release */,
			);
			defaultConfigurationIsVisible = 0;
			defaultConfigurationName = Release;
		};
		33BFDB401F1BEEDD0011F6CB /* Build configuration list for PBXNativeTarget "multilevelUITableViewTests" */ = {
			isa = XCConfigurationList;
			buildConfigurations = (
				33BFDB411F1BEEDD0011F6CB /* Debug */,
				33BFDB421F1BEEDD0011F6CB /* Release */,
			);
			defaultConfigurationIsVisible = 0;
			defaultConfigurationName = Release;
		};
/* End XCConfigurationList section */
	};
	rootObject = 33BFDB181F1BEEDC0011F6CB /* Project object */;
}
